
Microsoft Visual Studio Solution File, Format Version 12.00
# Visual Studio Version 16
VisualStudioVersion = 16.0.30128.74
MinimumVisualStudioVersion = 10.0.40219.1
Project("{FAE04EC0-301F-11D3-BF4B-00C04F79EFBC}") = "CW-01-19-07", "CW-01-19-07\CW-01-19-07.csproj", "{FDE45681-E02C-4363-9845-8C1317092D9C}"
EndProject
Project("{FAE04EC0-301F-11D3-BF4B-00C04F79EFBC}") = "Test", "Test\Test.csproj", "{0A69C583-88C1-410A-91D5-16B221B92AF7}"
EndProject
Global
	GlobalSection(SolutionConfigurationPlatforms) = preSolution
		Debug|Any CPU = Debug|Any CPU
		Release|Any CPU = Release|Any CPU
	EndGlobalSection
	GlobalSection(ProjectConfigurationPlatforms) = postSolution
		{FDE45681-E02C-4363-9845-8C1317092D9C}.Debug|Any CPU.ActiveCfg = Debug|Any CPU
		{FDE45681-E02C-4363-9845-8C1317092D9C}.Debug|Any CPU.Build.0 = Debug|Any CPU
		{FDE45681-E02C-4363-9845-8C1317092D9C}.Release|Any CPU.ActiveCfg = Release|Any CPU
		{FDE45681-E02C-4363-9845-8C1317092D9C}.Release|Any CPU.Build.0 = Release|Any CPU
		{0A69C583-88C1-410A-91D5-16B221B92AF7}.Debug|Any CPU.ActiveCfg = Debug|Any CPU
		{0A69C583-88C1-410A-91D5-16B221B92AF7}.Debug|Any CPU.Build.0 = Debug|Any CPU
		{0A69C583-88C1-410A-91D5-16B221B92AF7}.Release|Any CPU.ActiveCfg = Release|Any CPU
		{0A69C583-88C1-410A-91D5-16B221B92AF7}.Release|Any CPU.Build.0 = Release|Any CPU
	EndGlobalSection
	GlobalSection(SolutionProperties) = preSolution
		HideSolutionNode = FALSE
	EndGlobalSection
	GlobalSection(ExtensibilityGlobals) = postSolution
		SolutionGuid = {F4C8ED9B-4546-462E-A8CE-B5612B04EFF2}
	EndGlobalSection
EndGlobal
